
Microsoft Visual Studio Solution File, Format Version 12.00
# Visual Studio 15
VisualStudioVersion = 15.0.27130.2003
MinimumVisualStudioVersion = 10.0.40219.1
Project("{FAE04EC0-301F-11D3-BF4B-00C04F79EFBC}") = "Practice.Web", "Practice.Web\Practice.Web.csproj", "{2004DDB5-E2D0-46F8-B4FB-9CC827B1EC81}"
EndProject
Project("{FAE04EC0-301F-11D3-BF4B-00C04F79EFBC}") = "Practice.WebApi", "Practice.WebApi\Practice.WebApi.csproj", "{2A82F4F1-757A-473A-82E9-F8E119C40D4E}"
EndProject
Project("{FAE04EC0-301F-11D3-BF4B-00C04F79EFBC}") = "Practice.DesignPattern", "Practice.DesignPattern\Practice.DesignPattern.csproj", "{42D5296E-2DB0-4986-96BB-6E24B4D5854F}"
EndProject
Project("{FAE04EC0-301F-11D3-BF4B-00C04F79EFBC}") = "Practice.DesignPatternSingletonWeb", "Practice.DesignPatternSingletonWeb\Practice.DesignPatternSingletonWeb.csproj", "{3585CBDA-09A4-4001-B6B8-99D577742F0B}"
EndProject
Project("{FAE04EC0-301F-11D3-BF4B-00C04F79EFBC}") = "Practice.DesignPatternFactoryWeb", "Practice.DesignPatternFactoryWeb\Practice.DesignPatternFactoryWeb.csproj", "{ED141AEE-DA17-401A-AA6A-B92081CC7D9B}"
EndProject
Project("{9A19103F-16F7-4668-BE54-9A1E7A4F7556}") = "Practice.Bank", "Practice.Bank\Practice.Bank.csproj", "{8D05BE17-83CB-45C0-9465-6783AE0F0B18}"
EndProject
Project("{FAE04EC0-301F-11D3-BF4B-00C04F79EFBC}") = "Practice.BankTest", "Practice.BankTest\Practice.BankTest.csproj", "{300C2A82-C59C-4C89-AEC7-6D7EF4656402}"
EndProject
Project("{FAE04EC0-301F-11D3-BF4B-00C04F79EFBC}") = "Practice.WebApiTokenAuthentication", "Practice.WebApiTokenAuthentication\Practice.WebApiTokenAuthentication.csproj", "{1E8F480C-3753-4737-B545-F221B8978D20}"
EndProject
Project("{FAE04EC0-301F-11D3-BF4B-00C04F79EFBC}") = "Practice.WCF.Service", "Practice.WCF.Service\Practice.WCF.Service.csproj", "{92FBDB29-E597-4590-93B7-96CD5052D8DF}"
EndProject
Project("{FAE04EC0-301F-11D3-BF4B-00C04F79EFBC}") = "Practice.WCF.ConsoleHost", "Practice.WCF.ConsoleHost\Practice.WCF.ConsoleHost.csproj", "{E8D247C9-8B8C-4AC7-915E-70109F1BF7B0}"
EndProject
Project("{FAE04EC0-301F-11D3-BF4B-00C04F79EFBC}") = "Practice.WCF.WindowsAppHost", "Practice.WCF.WindowsAppHost\Practice.WCF.WindowsAppHost.csproj", "{560F6D97-48E7-4A11-9AF8-74AAD0A66732}"
EndProject
Project("{FAE04EC0-301F-11D3-BF4B-00C04F79EFBC}") = "Practice.WCF.WindowsServiceHost", "Practice.WCF.WindowsServiceHost\Practice.WCF.WindowsServiceHost.csproj", "{B0A86B40-BCDD-4790-8A1F-0A702F07DE41}"
EndProject
Project("{FAE04EC0-301F-11D3-BF4B-00C04F79EFBC}") = "Practice.WCF.WcfServiceIISHost", "Practice.WCF.WcfServiceIISHost\Practice.WCF.WcfServiceIISHost.csproj", "{B3E75A1C-4419-4162-8FFA-60C8D2A33AE1}"
EndProject
Project("{E24C65DC-7377-472B-9ABA-BC803B73C61A}") = "Practice.WCF.WCFWebSiteIISHost", "Practice.WCF.WCFWebSiteIISHost\", "{A08BF5AA-C8B9-4F14-8CEA-920793122223}"
	ProjectSection(WebsiteProperties) = preProject
		TargetFrameworkMoniker = ".NETFramework,Version%3Dv4.5.2"
		ProjectReferences = "{92fbdb29-e597-4590-93b7-96cd5052d8df}|Practice.WCF.Service.dll;"
		Debug.AspNetCompiler.VirtualPath = "/localhost_57218"
		Debug.AspNetCompiler.PhysicalPath = "Practice.WCF.WCFWebSiteIISHost\"
		Debug.AspNetCompiler.TargetPath = "PrecompiledWeb\localhost_57218\"
		Debug.AspNetCompiler.Updateable = "true"
		Debug.AspNetCompiler.ForceOverwrite = "true"
		Debug.AspNetCompiler.FixedNames = "false"
		Debug.AspNetCompiler.Debug = "True"
		Release.AspNetCompiler.VirtualPath = "/localhost_57218"
		Release.AspNetCompiler.PhysicalPath = "Practice.WCF.WCFWebSiteIISHost\"
		Release.AspNetCompiler.TargetPath = "PrecompiledWeb\localhost_57218\"
		Release.AspNetCompiler.Updateable = "true"
		Release.AspNetCompiler.ForceOverwrite = "true"
		Release.AspNetCompiler.FixedNames = "false"
		Release.AspNetCompiler.Debug = "False"
		VWDPort = "57218"
		SlnRelativePath = "Practice.WCF.WCFWebSiteIISHost\"
		DefaultWebSiteLanguage = "Visual C#"
	EndProjectSection
EndProject
Global
	GlobalSection(SolutionConfigurationPlatforms) = preSolution
		Debug|Any CPU = Debug|Any CPU
		Release|Any CPU = Release|Any CPU
	EndGlobalSection
	GlobalSection(ProjectConfigurationPlatforms) = postSolution
		{2004DDB5-E2D0-46F8-B4FB-9CC827B1EC81}.Debug|Any CPU.ActiveCfg = Debug|Any CPU
		{2004DDB5-E2D0-46F8-B4FB-9CC827B1EC81}.Debug|Any CPU.Build.0 = Debug|Any CPU
		{2004DDB5-E2D0-46F8-B4FB-9CC827B1EC81}.Release|Any CPU.ActiveCfg = Release|Any CPU
		{2004DDB5-E2D0-46F8-B4FB-9CC827B1EC81}.Release|Any CPU.Build.0 = Release|Any CPU
		{2A82F4F1-757A-473A-82E9-F8E119C40D4E}.Debug|Any CPU.ActiveCfg = Debug|Any CPU
		{2A82F4F1-757A-473A-82E9-F8E119C40D4E}.Debug|Any CPU.Build.0 = Debug|Any CPU
		{2A82F4F1-757A-473A-82E9-F8E119C40D4E}.Release|Any CPU.ActiveCfg = Release|Any CPU
		{2A82F4F1-757A-473A-82E9-F8E119C40D4E}.Release|Any CPU.Build.0 = Release|Any CPU
		{42D5296E-2DB0-4986-96BB-6E24B4D5854F}.Debug|Any CPU.ActiveCfg = Debug|Any CPU
		{42D5296E-2DB0-4986-96BB-6E24B4D5854F}.Debug|Any CPU.Build.0 = Debug|Any CPU
		{42D5296E-2DB0-4986-96BB-6E24B4D5854F}.Release|Any CPU.ActiveCfg = Release|Any CPU
		{42D5296E-2DB0-4986-96BB-6E24B4D5854F}.Release|Any CPU.Build.0 = Release|Any CPU
		{3585CBDA-09A4-4001-B6B8-99D577742F0B}.Debug|Any CPU.ActiveCfg = Debug|Any CPU
		{3585CBDA-09A4-4001-B6B8-99D577742F0B}.Debug|Any CPU.Build.0 = Debug|Any CPU
		{3585CBDA-09A4-4001-B6B8-99D577742F0B}.Release|Any CPU.ActiveCfg = Release|Any CPU
		{3585CBDA-09A4-4001-B6B8-99D577742F0B}.Release|Any CPU.Build.0 = Release|Any CPU
		{ED141AEE-DA17-401A-AA6A-B92081CC7D9B}.Debug|Any CPU.ActiveCfg = Debug|Any CPU
		{ED141AEE-DA17-401A-AA6A-B92081CC7D9B}.Debug|Any CPU.Build.0 = Debug|Any CPU
		{ED141AEE-DA17-401A-AA6A-B92081CC7D9B}.Release|Any CPU.ActiveCfg = Release|Any CPU
		{ED141AEE-DA17-401A-AA6A-B92081CC7D9B}.Release|Any CPU.Build.0 = Release|Any CPU
		{8D05BE17-83CB-45C0-9465-6783AE0F0B18}.Debug|Any CPU.ActiveCfg = Debug|Any CPU
		{8D05BE17-83CB-45C0-9465-6783AE0F0B18}.Debug|Any CPU.Build.0 = Debug|Any CPU
		{8D05BE17-83CB-45C0-9465-6783AE0F0B18}.Release|Any CPU.ActiveCfg = Release|Any CPU
		{8D05BE17-83CB-45C0-9465-6783AE0F0B18}.Release|Any CPU.Build.0 = Release|Any CPU
		{300C2A82-C59C-4C89-AEC7-6D7EF4656402}.Debug|Any CPU.ActiveCfg = Debug|Any CPU
		{300C2A82-C59C-4C89-AEC7-6D7EF4656402}.Debug|Any CPU.Build.0 = Debug|Any CPU
		{300C2A82-C59C-4C89-AEC7-6D7EF4656402}.Release|Any CPU.ActiveCfg = Release|Any CPU
		{300C2A82-C59C-4C89-AEC7-6D7EF4656402}.Release|Any CPU.Build.0 = Release|Any CPU
		{1E8F480C-3753-4737-B545-F221B8978D20}.Debug|Any CPU.ActiveCfg = Debug|Any CPU
		{1E8F480C-3753-4737-B545-F221B8978D20}.Debug|Any CPU.Build.0 = Debug|Any CPU
		{1E8F480C-3753-4737-B545-F221B8978D20}.Release|Any CPU.ActiveCfg = Release|Any CPU
		{1E8F480C-3753-4737-B545-F221B8978D20}.Release|Any CPU.Build.0 = Release|Any CPU
		{92FBDB29-E597-4590-93B7-96CD5052D8DF}.Debug|Any CPU.ActiveCfg = Debug|Any CPU
		{92FBDB29-E597-4590-93B7-96CD5052D8DF}.Debug|Any CPU.Build.0 = Debug|Any CPU
		{92FBDB29-E597-4590-93B7-96CD5052D8DF}.Release|Any CPU.ActiveCfg = Release|Any CPU
		{92FBDB29-E597-4590-93B7-96CD5052D8DF}.Release|Any CPU.Build.0 = Release|Any CPU
		{E8D247C9-8B8C-4AC7-915E-70109F1BF7B0}.Debug|Any CPU.ActiveCfg = Debug|Any CPU
		{E8D247C9-8B8C-4AC7-915E-70109F1BF7B0}.Debug|Any CPU.Build.0 = Debug|Any CPU
		{E8D247C9-8B8C-4AC7-915E-70109F1BF7B0}.Release|Any CPU.ActiveCfg = Release|Any CPU
		{E8D247C9-8B8C-4AC7-915E-70109F1BF7B0}.Release|Any CPU.Build.0 = Release|Any CPU
		{560F6D97-48E7-4A11-9AF8-74AAD0A66732}.Debug|Any CPU.ActiveCfg = Debug|Any CPU
		{560F6D97-48E7-4A11-9AF8-74AAD0A66732}.Debug|Any CPU.Build.0 = Debug|Any CPU
		{560F6D97-48E7-4A11-9AF8-74AAD0A66732}.Release|Any CPU.ActiveCfg = Release|Any CPU
		{560F6D97-48E7-4A11-9AF8-74AAD0A66732}.Release|Any CPU.Build.0 = Release|Any CPU
		{B0A86B40-BCDD-4790-8A1F-0A702F07DE41}.Debug|Any CPU.ActiveCfg = Debug|Any CPU
		{B0A86B40-BCDD-4790-8A1F-0A702F07DE41}.Debug|Any CPU.Build.0 = Debug|Any CPU
		{B0A86B40-BCDD-4790-8A1F-0A702F07DE41}.Release|Any CPU.ActiveCfg = Release|Any CPU
		{B0A86B40-BCDD-4790-8A1F-0A702F07DE41}.Release|Any CPU.Build.0 = Release|Any CPU
		{B3E75A1C-4419-4162-8FFA-60C8D2A33AE1}.Debug|Any CPU.ActiveCfg = Debug|Any CPU
		{B3E75A1C-4419-4162-8FFA-60C8D2A33AE1}.Debug|Any CPU.Build.0 = Debug|Any CPU
		{B3E75A1C-4419-4162-8FFA-60C8D2A33AE1}.Release|Any CPU.ActiveCfg = Release|Any CPU
		{B3E75A1C-4419-4162-8FFA-60C8D2A33AE1}.Release|Any CPU.Build.0 = Release|Any CPU
		{A08BF5AA-C8B9-4F14-8CEA-920793122223}.Debug|Any CPU.ActiveCfg = Debug|Any CPU
		{A08BF5AA-C8B9-4F14-8CEA-920793122223}.Debug|Any CPU.Build.0 = Debug|Any CPU
		{A08BF5AA-C8B9-4F14-8CEA-920793122223}.Release|Any CPU.ActiveCfg = Debug|Any CPU
		{A08BF5AA-C8B9-4F14-8CEA-920793122223}.Release|Any CPU.Build.0 = Debug|Any CPU
	EndGlobalSection
	GlobalSection(SolutionProperties) = preSolution
		HideSolutionNode = FALSE
	EndGlobalSection
	GlobalSection(ExtensibilityGlobals) = postSolution
		SolutionGuid = {EB26B08A-F781-4E08-96E0-93094580A282}
	EndGlobalSection
EndGlobal
